// !$*UTF8*$!
{
	archiveVersion = 1;
	classes = {
	};
	objectVersion = 48;
	objects = {

/* Begin PBXBuildFile section */
		AE6DBC8B205E6A3C00C656DD /* AppDelegate.m in Sources */ = {isa = PBXBuildFile; fileRef = AE6DBC8A205E6A3C00C656DD /* AppDelegate.m */; };
		AE6DBC8E205E6A3C00C656DD /* ViewController.m in Sources */ = {isa = PBXBuildFile; fileRef = AE6DBC8D205E6A3C00C656DD /* ViewController.m */; };
		AE6DBC91205E6A3C00C656DD /* Main.storyboard in Resources */ = {isa = PBXBuildFile; fileRef = AE6DBC8F205E6A3C00C656DD /* Main.storyboard */; };
		AE6DBC93205E6A3C00C656DD /* Assets.xcassets in Resources */ = {isa = PBXBuildFile; fileRef = AE6DBC92205E6A3C00C656DD /* Assets.xcassets */; };
		AE6DBC96205E6A3C00C656DD /* LaunchScreen.storyboard in Resources */ = {isa = PBXBuildFile; fileRef = AE6DBC94205E6A3C00C656DD /* LaunchScreen.storyboard */; };
		AE6DBC99205E6A3C00C656DD /* main.m in Sources */ = {isa = PBXBuildFile; fileRef = AE6DBC98205E6A3C00C656DD /* main.m */; };
		AE6DBCA3205E6A3C00C656DD /* DesignModeTests.m in Sources */ = {isa = PBXBuildFile; fileRef = AE6DBCA2205E6A3C00C656DD /* DesignModeTests.m */; };
		AE6DBCAE205E6A3C00C656DD /* DesignModeUITests.m in Sources */ = {isa = PBXBuildFile; fileRef = AE6DBCAD205E6A3C00C656DD /* DesignModeUITests.m */; };
		AE6DBCBE205E6A7200C656DD /* Operation.m in Sources */ = {isa = PBXBuildFile; fileRef = AE6DBCBD205E6A7200C656DD /* Operation.m */; };
		AE6DBCC1205E6B8800C656DD /* OperationAdd.m in Sources */ = {isa = PBXBuildFile; fileRef = AE6DBCC0205E6B8800C656DD /* OperationAdd.m */; };
		AE6DBCC7205E6C0400C656DD /* OpetationSub.m in Sources */ = {isa = PBXBuildFile; fileRef = AE6DBCC6205E6C0400C656DD /* OpetationSub.m */; };
		AE6DBCCA205E6C7E00C656DD /* OpetationMul.m in Sources */ = {isa = PBXBuildFile; fileRef = AE6DBCC9205E6C7E00C656DD /* OpetationMul.m */; };
		AE6DBCCD205E6CBF00C656DD /* OperationDiv.m in Sources */ = {isa = PBXBuildFile; fileRef = AE6DBCCC205E6CBF00C656DD /* OperationDiv.m */; };
		AE6DBCD0205E6EE300C656DD /* OperationFactory.m in Sources */ = {isa = PBXBuildFile; fileRef = AE6DBCCF205E6EE300C656DD /* OperationFactory.m */; };
		AE8B333221524569009308CB /* YellowPerson.m in Sources */ = {isa = PBXBuildFile; fileRef = AE8B333121524569009308CB /* YellowPerson.m */; };
		AE8B333521524685009308CB /* Decorator.m in Sources */ = {isa = PBXBuildFile; fileRef = AE8B333421524685009308CB /* Decorator.m */; };
		AE8B333821524763009308CB /* ShirtDecorator.m in Sources */ = {isa = PBXBuildFile; fileRef = AE8B333721524763009308CB /* ShirtDecorator.m */; };
		AE8B333B215247AD009308CB /* SuitDecorator.m in Sources */ = {isa = PBXBuildFile; fileRef = AE8B333A215247AD009308CB /* SuitDecorator.m */; };
		AE8B333E215247CC009308CB /* UnderwearDecorator.m in Sources */ = {isa = PBXBuildFile; fileRef = AE8B333D215247CC009308CB /* UnderwearDecorator.m */; };
		AE8B337321537608009308CB /* Pursuit.m in Sources */ = {isa = PBXBuildFile; fileRef = AE8B337221537608009308CB /* Pursuit.m */; };
		AE8B3376215376CB009308CB /* SchoolGirl.m in Sources */ = {isa = PBXBuildFile; fileRef = AE8B3375215376CB009308CB /* SchoolGirl.m */; };
		AE8B337921537746009308CB /* Proxy.m in Sources */ = {isa = PBXBuildFile; fileRef = AE8B337821537746009308CB /* Proxy.m */; };
		AE99803A205F662600EA4FFE /* CashSuper.m in Sources */ = {isa = PBXBuildFile; fileRef = AE998039205F662600EA4FFE /* CashSuper.m */; };
		AE99803D205F667600EA4FFE /* CashNomal.m in Sources */ = {isa = PBXBuildFile; fileRef = AE99803C205F667600EA4FFE /* CashNomal.m */; };
		AE998040205F668600EA4FFE /* CashRebate.m in Sources */ = {isa = PBXBuildFile; fileRef = AE99803F205F668600EA4FFE /* CashRebate.m */; };
		AE998043205F66A200EA4FFE /* CashReturn.m in Sources */ = {isa = PBXBuildFile; fileRef = AE998042205F66A200EA4FFE /* CashReturn.m */; };
		AE99806B205FA2F000EA4FFE /* CashContext.m in Sources */ = {isa = PBXBuildFile; fileRef = AE99806A205FA2F000EA4FFE /* CashContext.m */; };
/* End PBXBuildFile section */

/* Begin PBXContainerItemProxy section */
		AE6DBC9F205E6A3C00C656DD /* PBXContainerItemProxy */ = {
			isa = PBXContainerItemProxy;
			containerPortal = AE6DBC7E205E6A3C00C656DD /* Project object */;
			proxyType = 1;
			remoteGlobalIDString = AE6DBC85205E6A3C00C656DD;
			remoteInfo = DesignMode;
		};
		AE6DBCAA205E6A3C00C656DD /* PBXContainerItemProxy */ = {
			isa = PBXContainerItemProxy;
			containerPortal = AE6DBC7E205E6A3C00C656DD /* Project object */;
			proxyType = 1;
			remoteGlobalIDString = AE6DBC85205E6A3C00C656DD;
			remoteInfo = DesignMode;
		};
/* End PBXContainerItemProxy section */

/* Begin PBXFileReference section */
		AE6DBC86205E6A3C00C656DD /* DesignMode.app */ = {isa = PBXFileReference; explicitFileType = wrapper.application; includeInIndex = 0; path = DesignMode.app; sourceTree = BUILT_PRODUCTS_DIR; };
		AE6DBC89205E6A3C00C656DD /* AppDelegate.h */ = {isa = PBXFileReference; lastKnownFileType = sourcecode.c.h; path = AppDelegate.h; sourceTree = "<group>"; };
		AE6DBC8A205E6A3C00C656DD /* AppDelegate.m */ = {isa = PBXFileReference; lastKnownFileType = sourcecode.c.objc; path = AppDelegate.m; sourceTree = "<group>"; };
		AE6DBC8C205E6A3C00C656DD /* ViewController.h */ = {isa = PBXFileReference; lastKnownFileType = sourcecode.c.h; path = ViewController.h; sourceTree = "<group>"; };
		AE6DBC8D205E6A3C00C656DD /* ViewController.m */ = {isa = PBXFileReference; lastKnownFileType = sourcecode.c.objc; path = ViewController.m; sourceTree = "<group>"; };
		AE6DBC90205E6A3C00C656DD /* Base */ = {isa = PBXFileReference; lastKnownFileType = file.storyboard; name = Base; path = Base.lproj/Main.storyboard; sourceTree = "<group>"; };
		AE6DBC92205E6A3C00C656DD /* Assets.xcassets */ = {isa = PBXFileReference; lastKnownFileType = folder.assetcatalog; path = Assets.xcassets; sourceTree = "<group>"; };
		AE6DBC95205E6A3C00C656DD /* Base */ = {isa = PBXFileReference; lastKnownFileType = file.storyboard; name = Base; path = Base.lproj/LaunchScreen.storyboard; sourceTree = "<group>"; };
		AE6DBC97205E6A3C00C656DD /* Info.plist */ = {isa = PBXFileReference; lastKnownFileType = text.plist.xml; path = Info.plist; sourceTree = "<group>"; };
		AE6DBC98205E6A3C00C656DD /* main.m */ = {isa = PBXFileReference; lastKnownFileType = sourcecode.c.objc; path = main.m; sourceTree = "<group>"; };
		AE6DBC9E205E6A3C00C656DD /* DesignModeTests.xctest */ = {isa = PBXFileReference; explicitFileType = wrapper.cfbundle; includeInIndex = 0; path = DesignModeTests.xctest; sourceTree = BUILT_PRODUCTS_DIR; };
		AE6DBCA2205E6A3C00C656DD /* DesignModeTests.m */ = {isa = PBXFileReference; lastKnownFileType = sourcecode.c.objc; path = DesignModeTests.m; sourceTree = "<group>"; };
		AE6DBCA4205E6A3C00C656DD /* Info.plist */ = {isa = PBXFileReference; lastKnownFileType = text.plist.xml; path = Info.plist; sourceTree = "<group>"; };
		AE6DBCA9205E6A3C00C656DD /* DesignModeUITests.xctest */ = {isa = PBXFileReference; explicitFileType = wrapper.cfbundle; includeInIndex = 0; path = DesignModeUITests.xctest; sourceTree = BUILT_PRODUCTS_DIR; };
		AE6DBCAD205E6A3C00C656DD /* DesignModeUITests.m */ = {isa = PBXFileReference; lastKnownFileType = sourcecode.c.objc; path = DesignModeUITests.m; sourceTree = "<group>"; };
		AE6DBCAF205E6A3C00C656DD /* Info.plist */ = {isa = PBXFileReference; lastKnownFileType = text.plist.xml; path = Info.plist; sourceTree = "<group>"; };
		AE6DBCBC205E6A7200C656DD /* Operation.h */ = {isa = PBXFileReference; lastKnownFileType = sourcecode.c.h; path = Operation.h; sourceTree = "<group>"; };
		AE6DBCBD205E6A7200C656DD /* Operation.m */ = {isa = PBXFileReference; lastKnownFileType = sourcecode.c.objc; path = Operation.m; sourceTree = "<group>"; };
		AE6DBCBF205E6B8800C656DD /* OperationAdd.h */ = {isa = PBXFileReference; lastKnownFileType = sourcecode.c.h; path = OperationAdd.h; sourceTree = "<group>"; };
		AE6DBCC0205E6B8800C656DD /* OperationAdd.m */ = {isa = PBXFileReference; lastKnownFileType = sourcecode.c.objc; path = OperationAdd.m; sourceTree = "<group>"; };
		AE6DBCC5205E6C0400C656DD /* OpetationSub.h */ = {isa = PBXFileReference; lastKnownFileType = sourcecode.c.h; path = OpetationSub.h; sourceTree = "<group>"; };
		AE6DBCC6205E6C0400C656DD /* OpetationSub.m */ = {isa = PBXFileReference; lastKnownFileType = sourcecode.c.objc; path = OpetationSub.m; sourceTree = "<group>"; };
		AE6DBCC8205E6C7E00C656DD /* OpetationMul.h */ = {isa = PBXFileReference; lastKnownFileType = sourcecode.c.h; path = OpetationMul.h; sourceTree = "<group>"; };
		AE6DBCC9205E6C7E00C656DD /* OpetationMul.m */ = {isa = PBXFileReference; lastKnownFileType = sourcecode.c.objc; path = OpetationMul.m; sourceTree = "<group>"; };
		AE6DBCCB205E6CBF00C656DD /* OperationDiv.h */ = {isa = PBXFileReference; lastKnownFileType = sourcecode.c.h; path = OperationDiv.h; sourceTree = "<group>"; };
		AE6DBCCC205E6CBF00C656DD /* OperationDiv.m */ = {isa = PBXFileReference; lastKnownFileType = sourcecode.c.objc; path = OperationDiv.m; sourceTree = "<group>"; };
		AE6DBCCE205E6EE300C656DD /* OperationFactory.h */ = {isa = PBXFileReference; lastKnownFileType = sourcecode.c.h; path = OperationFactory.h; sourceTree = "<group>"; };
		AE6DBCCF205E6EE300C656DD /* OperationFactory.m */ = {isa = PBXFileReference; lastKnownFileType = sourcecode.c.objc; path = OperationFactory.m; sourceTree = "<group>"; };
		AE8B332F21524532009308CB /* Person.h */ = {isa = PBXFileReference; lastKnownFileType = sourcecode.c.h; path = Person.h; sourceTree = "<group>"; };
		AE8B333021524569009308CB /* YellowPerson.h */ = {isa = PBXFileReference; lastKnownFileType = sourcecode.c.h; path = YellowPerson.h; sourceTree = "<group>"; };
		AE8B333121524569009308CB /* YellowPerson.m */ = {isa = PBXFileReference; lastKnownFileType = sourcecode.c.objc; path = YellowPerson.m; sourceTree = "<group>"; };
		AE8B333321524685009308CB /* Decorator.h */ = {isa = PBXFileReference; lastKnownFileType = sourcecode.c.h; path = Decorator.h; sourceTree = "<group>"; };
		AE8B333421524685009308CB /* Decorator.m */ = {isa = PBXFileReference; lastKnownFileType = sourcecode.c.objc; path = Decorator.m; sourceTree = "<group>"; };
		AE8B333621524763009308CB /* ShirtDecorator.h */ = {isa = PBXFileReference; lastKnownFileType = sourcecode.c.h; path = ShirtDecorator.h; sourceTree = "<group>"; };
		AE8B333721524763009308CB /* ShirtDecorator.m */ = {isa = PBXFileReference; lastKnownFileType = sourcecode.c.objc; path = ShirtDecorator.m; sourceTree = "<group>"; };
		AE8B3339215247AD009308CB /* SuitDecorator.h */ = {isa = PBXFileReference; lastKnownFileType = sourcecode.c.h; path = SuitDecorator.h; sourceTree = "<group>"; };
		AE8B333A215247AD009308CB /* SuitDecorator.m */ = {isa = PBXFileReference; lastKnownFileType = sourcecode.c.objc; path = SuitDecorator.m; sourceTree = "<group>"; };
		AE8B333C215247CC009308CB /* UnderwearDecorator.h */ = {isa = PBXFileReference; lastKnownFileType = sourcecode.c.h; path = UnderwearDecorator.h; sourceTree = "<group>"; };
		AE8B333D215247CC009308CB /* UnderwearDecorator.m */ = {isa = PBXFileReference; lastKnownFileType = sourcecode.c.objc; path = UnderwearDecorator.m; sourceTree = "<group>"; };
		AE8B337021537567009308CB /* IGiveGift.h */ = {isa = PBXFileReference; lastKnownFileType = sourcecode.c.h; path = IGiveGift.h; sourceTree = "<group>"; };
		AE8B337121537608009308CB /* Pursuit.h */ = {isa = PBXFileReference; lastKnownFileType = sourcecode.c.h; path = Pursuit.h; sourceTree = "<group>"; };
		AE8B337221537608009308CB /* Pursuit.m */ = {isa = PBXFileReference; lastKnownFileType = sourcecode.c.objc; path = Pursuit.m; sourceTree = "<group>"; };
		AE8B3374215376CB009308CB /* SchoolGirl.h */ = {isa = PBXFileReference; lastKnownFileType = sourcecode.c.h; path = SchoolGirl.h; sourceTree = "<group>"; };
		AE8B3375215376CB009308CB /* SchoolGirl.m */ = {isa = PBXFileReference; lastKnownFileType = sourcecode.c.objc; path = SchoolGirl.m; sourceTree = "<group>"; };
		AE8B337721537746009308CB /* Proxy.h */ = {isa = PBXFileReference; lastKnownFileType = sourcecode.c.h; path = Proxy.h; sourceTree = "<group>"; };
		AE8B337821537746009308CB /* Proxy.m */ = {isa = PBXFileReference; lastKnownFileType = sourcecode.c.objc; path = Proxy.m; sourceTree = "<group>"; };
		AE998038205F662600EA4FFE /* CashSuper.h */ = {isa = PBXFileReference; lastKnownFileType = sourcecode.c.h; path = CashSuper.h; sourceTree = "<group>"; };
		AE998039205F662600EA4FFE /* CashSuper.m */ = {isa = PBXFileReference; lastKnownFileType = sourcecode.c.objc; path = CashSuper.m; sourceTree = "<group>"; };
		AE99803B205F667600EA4FFE /* CashNomal.h */ = {isa = PBXFileReference; lastKnownFileType = sourcecode.c.h; path = CashNomal.h; sourceTree = "<group>"; };
		AE99803C205F667600EA4FFE /* CashNomal.m */ = {isa = PBXFileReference; lastKnownFileType = sourcecode.c.objc; path = CashNomal.m; sourceTree = "<group>"; };
		AE99803E205F668500EA4FFE /* CashRebate.h */ = {isa = PBXFileReference; lastKnownFileType = sourcecode.c.h; path = CashRebate.h; sourceTree = "<group>"; };
		AE99803F205F668600EA4FFE /* CashRebate.m */ = {isa = PBXFileReference; lastKnownFileType = sourcecode.c.objc; path = CashRebate.m; sourceTree = "<group>"; };
		AE998041205F66A200EA4FFE /* CashReturn.h */ = {isa = PBXFileReference; lastKnownFileType = sourcecode.c.h; path = CashReturn.h; sourceTree = "<group>"; };
		AE998042205F66A200EA4FFE /* CashReturn.m */ = {isa = PBXFileReference; lastKnownFileType = sourcecode.c.objc; path = CashReturn.m; sourceTree = "<group>"; };
		AE998069205FA2F000EA4FFE /* CashContext.h */ = {isa = PBXFileReference; lastKnownFileType = sourcecode.c.h; path = CashContext.h; sourceTree = "<group>"; };
		AE99806A205FA2F000EA4FFE /* CashContext.m */ = {isa = PBXFileReference; lastKnownFileType = sourcecode.c.objc; path = CashContext.m; sourceTree = "<group>"; };
/* End PBXFileReference section */

/* Begin PBXFrameworksBuildPhase section */
		AE6DBC83205E6A3C00C656DD /* Frameworks */ = {
			isa = PBXFrameworksBuildPhase;
			buildActionMask = 2147483647;
			files = (
			);
			runOnlyForDeploymentPostprocessing = 0;
		};
		AE6DBC9B205E6A3C00C656DD /* Frameworks */ = {
			isa = PBXFrameworksBuildPhase;
			buildActionMask = 2147483647;
			files = (
			);
			runOnlyForDeploymentPostprocessing = 0;
		};
		AE6DBCA6205E6A3C00C656DD /* Frameworks */ = {
			isa = PBXFrameworksBuildPhase;
			buildActionMask = 2147483647;
			files = (
			);
			runOnlyForDeploymentPostprocessing = 0;
		};
/* End PBXFrameworksBuildPhase section */

/* Begin PBXGroup section */
		AE6DBC7D205E6A3C00C656DD = {
			isa = PBXGroup;
			children = (
				AE6DBC88205E6A3C00C656DD /* DesignMode */,
				AE6DBCA1205E6A3C00C656DD /* DesignModeTests */,
				AE6DBCAC205E6A3C00C656DD /* DesignModeUITests */,
				AE6DBC87205E6A3C00C656DD /* Products */,
			);
			sourceTree = "<group>";
		};
		AE6DBC87205E6A3C00C656DD /* Products */ = {
			isa = PBXGroup;
			children = (
				AE6DBC86205E6A3C00C656DD /* DesignMode.app */,
				AE6DBC9E205E6A3C00C656DD /* DesignModeTests.xctest */,
				AE6DBCA9205E6A3C00C656DD /* DesignModeUITests.xctest */,
			);
			name = Products;
			sourceTree = "<group>";
		};
		AE6DBC88205E6A3C00C656DD /* DesignMode */ = {
			isa = PBXGroup;
			children = (
				AE8B336F2153733D009308CB /* 代理模式（Proxy） */,
				AE8B332B21522578009308CB /* 装饰模式（Decorator） */,
				AE998037205F659A00EA4FFE /* 策略模式 */,
				AE6DBCBB205E6A6100C656DD /* 简单工厂模式 */,
				AE6DBC89205E6A3C00C656DD /* AppDelegate.h */,
				AE6DBC8A205E6A3C00C656DD /* AppDelegate.m */,
				AE6DBC8C205E6A3C00C656DD /* ViewController.h */,
				AE6DBC8D205E6A3C00C656DD /* ViewController.m */,
				AE6DBC8F205E6A3C00C656DD /* Main.storyboard */,
				AE6DBC92205E6A3C00C656DD /* Assets.xcassets */,
				AE6DBC94205E6A3C00C656DD /* LaunchScreen.storyboard */,
				AE6DBC97205E6A3C00C656DD /* Info.plist */,
				AE6DBC98205E6A3C00C656DD /* main.m */,
			);
			path = DesignMode;
			sourceTree = "<group>";
		};
		AE6DBCA1205E6A3C00C656DD /* DesignModeTests */ = {
			isa = PBXGroup;
			children = (
				AE6DBCA2205E6A3C00C656DD /* DesignModeTests.m */,
				AE6DBCA4205E6A3C00C656DD /* Info.plist */,
			);
			path = DesignModeTests;
			sourceTree = "<group>";
		};
		AE6DBCAC205E6A3C00C656DD /* DesignModeUITests */ = {
			isa = PBXGroup;
			children = (
				AE6DBCAD205E6A3C00C656DD /* DesignModeUITests.m */,
				AE6DBCAF205E6A3C00C656DD /* Info.plist */,
			);
			path = DesignModeUITests;
			sourceTree = "<group>";
		};
		AE6DBCBB205E6A6100C656DD /* 简单工厂模式 */ = {
			isa = PBXGroup;
			children = (
				AE6DBCCE205E6EE300C656DD /* OperationFactory.h */,
				AE6DBCCF205E6EE300C656DD /* OperationFactory.m */,
				AE6DBCBC205E6A7200C656DD /* Operation.h */,
				AE6DBCBD205E6A7200C656DD /* Operation.m */,
				AE6DBCBF205E6B8800C656DD /* OperationAdd.h */,
				AE6DBCC0205E6B8800C656DD /* OperationAdd.m */,
				AE6DBCC5205E6C0400C656DD /* OpetationSub.h */,
				AE6DBCC6205E6C0400C656DD /* OpetationSub.m */,
				AE6DBCC8205E6C7E00C656DD /* OpetationMul.h */,
				AE6DBCC9205E6C7E00C656DD /* OpetationMul.m */,
				AE6DBCCB205E6CBF00C656DD /* OperationDiv.h */,
				AE6DBCCC205E6CBF00C656DD /* OperationDiv.m */,
			);
			path = "简单工厂模式";
			sourceTree = "<group>";
		};
		AE8B332B21522578009308CB /* 装饰模式（Decorator） */ = {
			isa = PBXGroup;
			children = (
				AE8B332F21524532009308CB /* Person.h */,
				AE8B333021524569009308CB /* YellowPerson.h */,
				AE8B333121524569009308CB /* YellowPerson.m */,
				AE8B333321524685009308CB /* Decorator.h */,
				AE8B333421524685009308CB /* Decorator.m */,
				AE8B333621524763009308CB /* ShirtDecorator.h */,
				AE8B333721524763009308CB /* ShirtDecorator.m */,
				AE8B3339215247AD009308CB /* SuitDecorator.h */,
				AE8B333A215247AD009308CB /* SuitDecorator.m */,
				AE8B333C215247CC009308CB /* UnderwearDecorator.h */,
				AE8B333D215247CC009308CB /* UnderwearDecorator.m */,
			);
			path = "装饰模式（Decorator）";
			sourceTree = "<group>";
		};
		AE8B336F2153733D009308CB /* 代理模式（Proxy） */ = {
			isa = PBXGroup;
			children = (
				AE8B337021537567009308CB /* IGiveGift.h */,
				AE8B337121537608009308CB /* Pursuit.h */,
				AE8B337221537608009308CB /* Pursuit.m */,
				AE8B3374215376CB009308CB /* SchoolGirl.h */,
				AE8B3375215376CB009308CB /* SchoolGirl.m */,
				AE8B337721537746009308CB /* Proxy.h */,
				AE8B337821537746009308CB /* Proxy.m */,
			);
			path = "代理模式（Proxy）";
			sourceTree = "<group>";
		};
		AE998037205F659A00EA4FFE /* 策略模式 */ = {
			isa = PBXGroup;
			children = (
				AE998069205FA2F000EA4FFE /* CashContext.h */,
				AE99806A205FA2F000EA4FFE /* CashContext.m */,
				AE998038205F662600EA4FFE /* CashSuper.h */,
				AE998039205F662600EA4FFE /* CashSuper.m */,
				AE99803B205F667600EA4FFE /* CashNomal.h */,
				AE99803C205F667600EA4FFE /* CashNomal.m */,
				AE99803E205F668500EA4FFE /* CashRebate.h */,
				AE99803F205F668600EA4FFE /* CashRebate.m */,
				AE998041205F66A200EA4FFE /* CashReturn.h */,
				AE998042205F66A200EA4FFE /* CashReturn.m */,
			);
			path = "策略模式";
			sourceTree = "<group>";
		};
/* End PBXGroup section */

/* Begin PBXNativeTarget section */
		AE6DBC85205E6A3C00C656DD /* DesignMode */ = {
			isa = PBXNativeTarget;
			buildConfigurationList = AE6DBCB2205E6A3C00C656DD /* Build configuration list for PBXNativeTarget "DesignMode" */;
			buildPhases = (
				AE6DBC82205E6A3C00C656DD /* Sources */,
				AE6DBC83205E6A3C00C656DD /* Frameworks */,
				AE6DBC84205E6A3C00C656DD /* Resources */,
			);
			buildRules = (
			);
			dependencies = (
			);
			name = DesignMode;
			productName = DesignMode;
			productReference = AE6DBC86205E6A3C00C656DD /* DesignMode.app */;
			productType = "com.apple.product-type.application";
		};
		AE6DBC9D205E6A3C00C656DD /* DesignModeTests */ = {
			isa = PBXNativeTarget;
			buildConfigurationList = AE6DBCB5205E6A3C00C656DD /* Build configuration list for PBXNativeTarget "DesignModeTests" */;
			buildPhases = (
				AE6DBC9A205E6A3C00C656DD /* Sources */,
				AE6DBC9B205E6A3C00C656DD /* Frameworks */,
				AE6DBC9C205E6A3C00C656DD /* Resources */,
			);
			buildRules = (
			);
			dependencies = (
				AE6DBCA0205E6A3C00C656DD /* PBXTargetDependency */,
			);
			name = DesignModeTests;
			productName = DesignModeTests;
			productReference = AE6DBC9E205E6A3C00C656DD /* DesignModeTests.xctest */;
			productType = "com.apple.product-type.bundle.unit-test";
		};
		AE6DBCA8205E6A3C00C656DD /* DesignModeUITests */ = {
			isa = PBXNativeTarget;
			buildConfigurationList = AE6DBCB8205E6A3C00C656DD /* Build configuration list for PBXNativeTarget "DesignModeUITests" */;
			buildPhases = (
				AE6DBCA5205E6A3C00C656DD /* Sources */,
				AE6DBCA6205E6A3C00C656DD /* Frameworks */,
				AE6DBCA7205E6A3C00C656DD /* Resources */,
			);
			buildRules = (
			);
			dependencies = (
				AE6DBCAB205E6A3C00C656DD /* PBXTargetDependency */,
			);
			name = DesignModeUITests;
			productName = DesignModeUITests;
			productReference = AE6DBCA9205E6A3C00C656DD /* DesignModeUITests.xctest */;
			productType = "com.apple.product-type.bundle.ui-testing";
		};
/* End PBXNativeTarget section */

/* Begin PBXProject section */
		AE6DBC7E205E6A3C00C656DD /* Project object */ = {
			isa = PBXProject;
			attributes = {
				LastUpgradeCheck = 0900;
				ORGANIZATIONNAME = sajiner;
				TargetAttributes = {
					AE6DBC85205E6A3C00C656DD = {
						CreatedOnToolsVersion = 9.0.1;
						ProvisioningStyle = Automatic;
					};
					AE6DBC9D205E6A3C00C656DD = {
						CreatedOnToolsVersion = 9.0.1;
						ProvisioningStyle = Automatic;
						TestTargetID = AE6DBC85205E6A3C00C656DD;
					};
					AE6DBCA8205E6A3C00C656DD = {
						CreatedOnToolsVersion = 9.0.1;
						ProvisioningStyle = Automatic;
						TestTargetID = AE6DBC85205E6A3C00C656DD;
					};
				};
			};
			buildConfigurationList = AE6DBC81205E6A3C00C656DD /* Build configuration list for PBXProject "DesignMode" */;
			compatibilityVersion = "Xcode 8.0";
			developmentRegion = en;
			hasScannedForEncodings = 0;
			knownRegions = (
				en,
				Base,
			);
			mainGroup = AE6DBC7D205E6A3C00C656DD;
			productRefGroup = AE6DBC87205E6A3C00C656DD /* Products */;
			projectDirPath = "";
			projectRoot = "";
			targets = (
				AE6DBC85205E6A3C00C656DD /* DesignMode */,
				AE6DBC9D205E6A3C00C656DD /* DesignModeTests */,
				AE6DBCA8205E6A3C00C656DD /* DesignModeUITests */,
			);
		};
/* End PBXProject section */

/* Begin PBXResourcesBuildPhase section */
		AE6DBC84205E6A3C00C656DD /* Resources */ = {
			isa = PBXResourcesBuildPhase;
			buildActionMask = 2147483647;
			files = (
				AE6DBC96205E6A3C00C656DD /* LaunchScreen.storyboard in Resources */,
				AE6DBC93205E6A3C00C656DD /* Assets.xcassets in Resources */,
				AE6DBC91205E6A3C00C656DD /* Main.storyboard in Resources */,
			);
			runOnlyForDeploymentPostprocessing = 0;
		};
		AE6DBC9C205E6A3C00C656DD /* Resources */ = {
			isa = PBXResourcesBuildPhase;
			buildActionMask = 2147483647;
			files = (
			);
			runOnlyForDeploymentPostprocessing = 0;
		};
		AE6DBCA7205E6A3C00C656DD /* Resources */ = {
			isa = PBXResourcesBuildPhase;
			buildActionMask = 2147483647;
			files = (
			);
			runOnlyForDeploymentPostprocessing = 0;
		};
/* End PBXResourcesBuildPhase section */

/* Begin PBXSourcesBuildPhase section */
		AE6DBC82205E6A3C00C656DD /* Sources */ = {
			isa = PBXSourcesBuildPhase;
			buildActionMask = 2147483647;
			files = (
				AE8B333821524763009308CB /* ShirtDecorator.m in Sources */,
				AE8B3376215376CB009308CB /* SchoolGirl.m in Sources */,
				AE6DBC8E205E6A3C00C656DD /* ViewController.m in Sources */,
				AE8B333B215247AD009308CB /* SuitDecorator.m in Sources */,
				AE998040205F668600EA4FFE /* CashRebate.m in Sources */,
				AE8B337321537608009308CB /* Pursuit.m in Sources */,
				AE8B337921537746009308CB /* Proxy.m in Sources */,
				AE8B333E215247CC009308CB /* UnderwearDecorator.m in Sources */,
				AE6DBCCA205E6C7E00C656DD /* OpetationMul.m in Sources */,
				AE6DBC99205E6A3C00C656DD /* main.m in Sources */,
				AE6DBCC7205E6C0400C656DD /* OpetationSub.m in Sources */,
				AE6DBC8B205E6A3C00C656DD /* AppDelegate.m in Sources */,
				AE6DBCD0205E6EE300C656DD /* OperationFactory.m in Sources */,
				AE998043205F66A200EA4FFE /* CashReturn.m in Sources */,
				AE99806B205FA2F000EA4FFE /* CashContext.m in Sources */,
				AE8B333521524685009308CB /* Decorator.m in Sources */,
				AE6DBCCD205E6CBF00C656DD /* OperationDiv.m in Sources */,
				AE6DBCBE205E6A7200C656DD /* Operation.m in Sources */,
				AE8B333221524569009308CB /* YellowPerson.m in Sources */,
				AE99803A205F662600EA4FFE /* CashSuper.m in Sources */,
				AE99803D205F667600EA4FFE /* CashNomal.m in Sources */,
				AE6DBCC1205E6B8800C656DD /* OperationAdd.m in Sources */,
			);
			runOnlyForDeploymentPostprocessing = 0;
		};
		AE6DBC9A205E6A3C00C656DD /* Sources */ = {
			isa = PBXSourcesBuildPhase;
			buildActionMask = 2147483647;
			files = (
				AE6DBCA3205E6A3C00C656DD /* DesignModeTests.m in Sources */,
			);
			runOnlyForDeploymentPostprocessing = 0;
		};
		AE6DBCA5205E6A3C00C656DD /* Sources */ = {
			isa = PBXSourcesBuildPhase;
			buildActionMask = 2147483647;
			files = (
				AE6DBCAE205E6A3C00C656DD /* DesignModeUITests.m in Sources */,
			);
			runOnlyForDeploymentPostprocessing = 0;
		};
/* End PBXSourcesBuildPhase section */

/* Begin PBXTargetDependency section */
		AE6DBCA0205E6A3C00C656DD /* PBXTargetDependency */ = {
			isa = PBXTargetDependency;
			target = AE6DBC85205E6A3C00C656DD /* DesignMode */;
			targetProxy = AE6DBC9F205E6A3C00C656DD /* PBXContainerItemProxy */;
		};
		AE6DBCAB205E6A3C00C656DD /* PBXTargetDependency */ = {
			isa = PBXTargetDependency;
			target = AE6DBC85205E6A3C00C656DD /* DesignMode */;
			targetProxy = AE6DBCAA205E6A3C00C656DD /* PBXContainerItemProxy */;
		};
/* End PBXTargetDependency section */

/* Begin PBXVariantGroup section */
		AE6DBC8F205E6A3C00C656DD /* Main.storyboard */ = {
			isa = PBXVariantGroup;
			children = (
				AE6DBC90205E6A3C00C656DD /* Base */,
			);
			name = Main.storyboard;
			sourceTree = "<group>";
		};
		AE6DBC94205E6A3C00C656DD /* LaunchScreen.storyboard */ = {
			isa = PBXVariantGroup;
			children = (
				AE6DBC95205E6A3C00C656DD /* Base */,
			);
			name = LaunchScreen.storyboard;
			sourceTree = "<group>";
		};
/* End PBXVariantGroup section */

/* Begin XCBuildConfiguration section */
		AE6DBCB0205E6A3C00C656DD /* Debug */ = {
			isa = XCBuildConfiguration;
			buildSettings = {
				ALWAYS_SEARCH_USER_PATHS = NO;
				CLANG_ANALYZER_NONNULL = YES;
				CLANG_ANALYZER_NUMBER_OBJECT_CONVERSION = YES_AGGRESSIVE;
				CLANG_CXX_LANGUAGE_STANDARD = "gnu++14";
				CLANG_CXX_LIBRARY = "libc++";
				CLANG_ENABLE_MODULES = YES;
				CLANG_ENABLE_OBJC_ARC = YES;
				CLANG_WARN_BLOCK_CAPTURE_AUTORELEASING = YES;
				CLANG_WARN_BOOL_CONVERSION = YES;
				CLANG_WARN_COMMA = YES;
				CLANG_WARN_CONSTANT_CONVERSION = YES;
				CLANG_WARN_DIRECT_OBJC_ISA_USAGE = YES_ERROR;
				CLANG_WARN_DOCUMENTATION_COMMENTS = YES;
				CLANG_WARN_EMPTY_BODY = YES;
				CLANG_WARN_ENUM_CONVERSION = YES;
				CLANG_WARN_INFINITE_RECURSION = YES;
				CLANG_WARN_INT_CONVERSION = YES;
				CLANG_WARN_NON_LITERAL_NULL_CONVERSION = YES;
				CLANG_WARN_OBJC_LITERAL_CONVERSION = YES;
				CLANG_WARN_OBJC_ROOT_CLASS = YES_ERROR;
				CLANG_WARN_RANGE_LOOP_ANALYSIS = YES;
				CLANG_WARN_STRICT_PROTOTYPES = YES;
				CLANG_WARN_SUSPICIOUS_MOVE = YES;
				CLANG_WARN_UNGUARDED_AVAILABILITY = YES_AGGRESSIVE;
				CLANG_WARN_UNREACHABLE_CODE = YES;
				CLANG_WARN__DUPLICATE_METHOD_MATCH = YES;
				CODE_SIGN_IDENTITY = "iPhone Developer";
				COPY_PHASE_STRIP = NO;
				DEBUG_INFORMATION_FORMAT = dwarf;
				ENABLE_STRICT_OBJC_MSGSEND = YES;
				ENABLE_TESTABILITY = YES;
				GCC_C_LANGUAGE_STANDARD = gnu11;
				GCC_DYNAMIC_NO_PIC = NO;
				GCC_NO_COMMON_BLOCKS = YES;
				GCC_OPTIMIZATION_LEVEL = 0;
				GCC_PREPROCESSOR_DEFINITIONS = (
					"DEBUG=1",
					"$(inherited)",
				);
				GCC_WARN_64_TO_32_BIT_CONVERSION = YES;
				GCC_WARN_ABOUT_RETURN_TYPE = YES_ERROR;
				GCC_WARN_UNDECLARED_SELECTOR = YES;
				GCC_WARN_UNINITIALIZED_AUTOS = YES_AGGRESSIVE;
				GCC_WARN_UNUSED_FUNCTION = YES;
				GCC_WARN_UNUSED_VARIABLE = YES;
				IPHONEOS_DEPLOYMENT_TARGET = 11.0;
				MTL_ENABLE_DEBUG_INFO = YES;
				ONLY_ACTIVE_ARCH = YES;
				SDKROOT = iphoneos;
			};
			name = Debug;
		};
		AE6DBCB1205E6A3C00C656DD /* Release */ = {
			isa = XCBuildConfiguration;
			buildSettings = {
				ALWAYS_SEARCH_USER_PATHS = NO;
				CLANG_ANALYZER_NONNULL = YES;
				CLANG_ANALYZER_NUMBER_OBJECT_CONVERSION = YES_AGGRESSIVE;
				CLANG_CXX_LANGUAGE_STANDARD = "gnu++14";
				CLANG_CXX_LIBRARY = "libc++";
				CLANG_ENABLE_MODULES = YES;
				CLANG_ENABLE_OBJC_ARC = YES;
				CLANG_WARN_BLOCK_CAPTURE_AUTORELEASING = YES;
				CLANG_WARN_BOOL_CONVERSION = YES;
				CLANG_WARN_COMMA = YES;
				CLANG_WARN_CONSTANT_CONVERSION = YES;
				CLANG_WARN_DIRECT_OBJC_ISA_USAGE = YES_ERROR;
				CLANG_WARN_DOCUMENTATION_COMMENTS = YES;
				CLANG_WARN_EMPTY_BODY = YES;
				CLANG_WARN_ENUM_CONVERSION = YES;
				CLANG_WARN_INFINITE_RECURSION = YES;
				CLANG_WARN_INT_CONVERSION = YES;
				CLANG_WARN_NON_LITERAL_NULL_CONVERSION = YES;
				CLANG_WARN_OBJC_LITERAL_CONVERSION = YES;
				CLANG_WARN_OBJC_ROOT_CLASS = YES_ERROR;
				CLANG_WARN_RANGE_LOOP_ANALYSIS = YES;
				CLANG_WARN_STRICT_PROTOTYPES = YES;
				CLANG_WARN_SUSPICIOUS_MOVE = YES;
				CLANG_WARN_UNGUARDED_AVAILABILITY = YES_AGGRESSIVE;
				CLANG_WARN_UNREACHABLE_CODE = YES;
				CLANG_WARN__DUPLICATE_METHOD_MATCH = YES;
				CODE_SIGN_IDENTITY = "iPhone Developer";
				COPY_PHASE_STRIP = NO;
				DEBUG_INFORMATION_FORMAT = "dwarf-with-dsym";
				ENABLE_NS_ASSERTIONS = NO;
				ENABLE_STRICT_OBJC_MSGSEND = YES;
				GCC_C_LANGUAGE_STANDARD = gnu11;
				GCC_NO_COMMON_BLOCKS = YES;
				GCC_WARN_64_TO_32_BIT_CONVERSION = YES;
				GCC_WARN_ABOUT_RETURN_TYPE = YES_ERROR;
				GCC_WARN_UNDECLARED_SELECTOR = YES;
				GCC_WARN_UNINITIALIZED_AUTOS = YES_AGGRESSIVE;
				GCC_WARN_UNUSED_FUNCTION = YES;
				GCC_WARN_UNUSED_VARIABLE = YES;
				IPHONEOS_DEPLOYMENT_TARGET = 11.0;
				MTL_ENABLE_DEBUG_INFO = NO;
				SDKROOT = iphoneos;
				VALIDATE_PRODUCT = YES;
			};
			name = Release;
		};
		AE6DBCB3205E6A3C00C656DD /* Debug */ = {
			isa = XCBuildConfiguration;
			buildSettings = {
				ASSETCATALOG_COMPILER_APPICON_NAME = AppIcon;
				CODE_SIGN_STYLE = Automatic;
				INFOPLIST_FILE = DesignMode/Info.plist;
				LD_RUNPATH_SEARCH_PATHS = "$(inherited) @executable_path/Frameworks";
				PRODUCT_BUNDLE_IDENTIFIER = com.sajiner.DesignMode;
				PRODUCT_NAME = "$(TARGET_NAME)";
				TARGETED_DEVICE_FAMILY = "1,2";
			};
			name = Debug;
		};
		AE6DBCB4205E6A3C00C656DD /* Release */ = {
			isa = XCBuildConfiguration;
			buildSettings = {
				ASSETCATALOG_COMPILER_APPICON_NAME = AppIcon;
				CODE_SIGN_STYLE = Automatic;
				INFOPLIST_FILE = DesignMode/Info.plist;
				LD_RUNPATH_SEARCH_PATHS = "$(inherited) @executable_path/Frameworks";
				PRODUCT_BUNDLE_IDENTIFIER = com.sajiner.DesignMode;
				PRODUCT_NAME = "$(TARGET_NAME)";
				TARGETED_DEVICE_FAMILY = "1,2";
			};
			name = Release;
		};
		AE6DBCB6205E6A3C00C656DD /* Debug */ = {
			isa = XCBuildConfiguration;
			buildSettings = {
				BUNDLE_LOADER = "$(TEST_HOST)";
				CODE_SIGN_STYLE = Automatic;
				INFOPLIST_FILE = DesignModeTests/Info.plist;
				LD_RUNPATH_SEARCH_PATHS = "$(inherited) @executable_path/Frameworks @loader_path/Frameworks";
				PRODUCT_BUNDLE_IDENTIFIER = com.sajiner.DesignModeTests;
				PRODUCT_NAME = "$(TARGET_NAME)";
				TARGETED_DEVICE_FAMILY = "1,2";
				TEST_HOST = "$(BUILT_PRODUCTS_DIR)/DesignMode.app/DesignMode";
			};
			name = Debug;
		};
		AE6DBCB7205E6A3C00C656DD /* Release */ = {
			isa = XCBuildConfiguration;
			buildSettings = {
				BUNDLE_LOADER = "$(TEST_HOST)";
				CODE_SIGN_STYLE = Automatic;
				INFOPLIST_FILE = DesignModeTests/Info.plist;
				LD_RUNPATH_SEARCH_PATHS = "$(inherited) @executable_path/Frameworks @loader_path/Frameworks";
				PRODUCT_BUNDLE_IDENTIFIER = com.sajiner.DesignModeTests;
				PRODUCT_NAME = "$(TARGET_NAME)";
				TARGETED_DEVICE_FAMILY = "1,2";
				TEST_HOST = "$(BUILT_PRODUCTS_DIR)/DesignMode.app/DesignMode";
			};
			name = Release;
		};
		AE6DBCB9205E6A3C00C656DD /* Debug */ = {
			isa = XCBuildConfiguration;
			buildSettings = {
				CODE_SIGN_STYLE = Automatic;
				INFOPLIST_FILE = DesignModeUITests/Info.plist;
				LD_RUNPATH_SEARCH_PATHS = "$(inherited) @executable_path/Frameworks @loader_path/Frameworks";
				PRODUCT_BUNDLE_IDENTIFIER = com.sajiner.DesignModeUITests;
				PRODUCT_NAME = "$(TARGET_NAME)";
				TARGETED_DEVICE_FAMILY = "1,2";
				TEST_TARGET_NAME = DesignMode;
			};
			name = Debug;
		};
		AE6DBCBA205E6A3C00C656DD /* Release */ = {
			isa = XCBuildConfiguration;
			buildSettings = {
				CODE_SIGN_STYLE = Automatic;
				INFOPLIST_FILE = DesignModeUITests/Info.plist;
				LD_RUNPATH_SEARCH_PATHS = "$(inherited) @executable_path/Frameworks @loader_path/Frameworks";
				PRODUCT_BUNDLE_IDENTIFIER = com.sajiner.DesignModeUITests;
				PRODUCT_NAME = "$(TARGET_NAME)";
				TARGETED_DEVICE_FAMILY = "1,2";
				TEST_TARGET_NAME = DesignMode;
			};
			name = Release;
		};
/* End XCBuildConfiguration section */

/* Begin XCConfigurationList section */
		AE6DBC81205E6A3C00C656DD /* Build configuration list for PBXProject "DesignMode" */ = {
			isa = XCConfigurationList;
			buildConfigurations = (
				AE6DBCB0205E6A3C00C656DD /* Debug */,
				AE6DBCB1205E6A3C00C656DD /* Release */,
			);
			defaultConfigurationIsVisible = 0;
			defaultConfigurationName = Release;
		};
		AE6DBCB2205E6A3C00C656DD /* Build configuration list for PBXNativeTarget "DesignMode" */ = {
			isa = XCConfigurationList;
			buildConfigurations = (
				AE6DBCB3205E6A3C00C656DD /* Debug */,
				AE6DBCB4205E6A3C00C656DD /* Release */,
			);
			defaultConfigurationIsVisible = 0;
			defaultConfigurationName = Release;
		};
		AE6DBCB5205E6A3C00C656DD /* Build configuration list for PBXNativeTarget "DesignModeTests" */ = {
			isa = XCConfigurationList;
			buildConfigurations = (
				AE6DBCB6205E6A3C00C656DD /* Debug */,
				AE6DBCB7205E6A3C00C656DD /* Release */,
			);
			defaultConfigurationIsVisible = 0;
			defaultConfigurationName = Release;
		};
		AE6DBCB8205E6A3C00C656DD /* Build configuration list for PBXNativeTarget "DesignModeUITests" */ = {
			isa = XCConfigurationList;
			buildConfigurations = (
				AE6DBCB9205E6A3C00C656DD /* Debug */,
				AE6DBCBA205E6A3C00C656DD /* Release */,
			);
			defaultConfigurationIsVisible = 0;
			defaultConfigurationName = Release;
		};
/* End XCConfigurationList section */
	};
	rootObject = AE6DBC7E205E6A3C00C656DD /* Project object */;
}
